
Microsoft Visual Studio Solution File, Format Version 12.00
# Visual Studio 15
VisualStudioVersion = 15.0.28307.645
MinimumVisualStudioVersion = 10.0.40219.1
Project("{FAE04EC0-301F-11D3-BF4B-00C04F79EFBC}") = "ReflexLib", "ReflexLib\ReflexLib.csproj", "{9EC92726-1205-430A-8602-768A15873967}"
EndProject
Global
	GlobalSection(SolutionConfigurationPlatforms) = preSolution
		Debug|Any CPU = Debug|Any CPU
		Release|Any CPU = Release|Any CPU
	EndGlobalSection
	GlobalSection(ProjectConfigurationPlatforms) = postSolution
		{9EC92726-1205-430A-8602-768A15873967}.Debug|Any CPU.ActiveCfg = Debug|Any CPU
		{9EC92726-1205-430A-8602-768A15873967}.Debug|Any CPU.Build.0 = Debug|Any CPU
		{9EC92726-1205-430A-8602-768A15873967}.Release|Any CPU.ActiveCfg = Release|Any CPU
		{9EC92726-1205-430A-8602-768A15873967}.Release|Any CPU.Build.0 = Release|Any CPU
	EndGlobalSection
	GlobalSection(SolutionProperties) = preSolution
		HideSolutionNode = FALSE
	EndGlobalSection
	GlobalSection(ExtensibilityGlobals) = postSolution
		SolutionGuid = {0BE791E3-BCEF-4ECC-A227-DCC4098CAB3F}
	EndGlobalSection
EndGlobal
